// !$*UTF8*$!
{
	archiveVersion = 1;
	classes = {
	};
	objectVersion = 46;
	objects = {

/* Begin PBXBuildFile section */
		3ED7EADE1952D7E4004C5ED2 /* AppDelegate.swift in Sources */ = {isa = PBXBuildFile; fileRef = 3ED7EADD1952D7E4004C5ED2 /* AppDelegate.swift */; };
		3ED7EAE11952D7E4004C5ED2 /* frenvent_ios.xcdatamodeld in Sources */ = {isa = PBXBuildFile; fileRef = 3ED7EADF1952D7E4004C5ED2 /* frenvent_ios.xcdatamodeld */; };
		3ED7EAE31952D7E4004C5ED2 /* Images.xcassets in Resources */ = {isa = PBXBuildFile; fileRef = 3ED7EAE21952D7E4004C5ED2 /* Images.xcassets */; };
		3ED7EAEF1952D7E5004C5ED2 /* frenvent_iosTests.swift in Sources */ = {isa = PBXBuildFile; fileRef = 3ED7EAEE1952D7E5004C5ED2 /* frenvent_iosTests.swift */; };
/* End PBXBuildFile section */

/* Begin PBXContainerItemProxy section */
		3ED7EAE91952D7E5004C5ED2 /* PBXContainerItemProxy */ = {
			isa = PBXContainerItemProxy;
			containerPortal = 3ED7EAD01952D7E4004C5ED2 /* Project object */;
			proxyType = 1;
			remoteGlobalIDString = 3ED7EAD71952D7E4004C5ED2;
			remoteInfo = "frenvent-ios";
		};
/* End PBXContainerItemProxy section */

/* Begin PBXFileReference section */
		3ED7EAD81952D7E4004C5ED2 /* frenvent-ios.app */ = {isa = PBXFileReference; explicitFileType = wrapper.application; includeInIndex = 0; path = "frenvent-ios.app"; sourceTree = BUILT_PRODUCTS_DIR; };
		3ED7EADC1952D7E4004C5ED2 /* Info.plist */ = {isa = PBXFileReference; lastKnownFileType = text.plist.xml; path = Info.plist; sourceTree = "<group>"; };
		3ED7EADD1952D7E4004C5ED2 /* AppDelegate.swift */ = {isa = PBXFileReference; lastKnownFileType = sourcecode.swift; path = AppDelegate.swift; sourceTree = "<group>"; };
		3ED7EAE01952D7E4004C5ED2 /* frenvent_ios.xcdatamodel */ = {isa = PBXFileReference; lastKnownFileType = wrapper.xcdatamodel; path = frenvent_ios.xcdatamodel; sourceTree = "<group>"; };
		3ED7EAE21952D7E4004C5ED2 /* Images.xcassets */ = {isa = PBXFileReference; lastKnownFileType = folder.assetcatalog; path = Images.xcassets; sourceTree = "<group>"; };
		3ED7EAE81952D7E4004C5ED2 /* frenvent-iosTests.xctest */ = {isa = PBXFileReference; explicitFileType = wrapper.cfbundle; includeInIndex = 0; path = "frenvent-iosTests.xctest"; sourceTree = BUILT_PRODUCTS_DIR; };
		3ED7EAED1952D7E5004C5ED2 /* Info.plist */ = {isa = PBXFileReference; lastKnownFileType = text.plist.xml; path = Info.plist; sourceTree = "<group>"; };
		3ED7EAEE1952D7E5004C5ED2 /* frenvent_iosTests.swift */ = {isa = PBXFileReference; lastKnownFileType = sourcecode.swift; path = frenvent_iosTests.swift; sourceTree = "<group>"; };
/* End PBXFileReference section */

/* Begin PBXFrameworksBuildPhase section */
		3ED7EAD51952D7E4004C5ED2 /* Frameworks */ = {
			isa = PBXFrameworksBuildPhase;
			buildActionMask = 2147483647;
			files = (
			);
			runOnlyForDeploymentPostprocessing = 0;
		};
		3ED7EAE51952D7E4004C5ED2 /* Frameworks */ = {
			isa = PBXFrameworksBuildPhase;
			buildActionMask = 2147483647;
			files = (
			);
			runOnlyForDeploymentPostprocessing = 0;
		};
/* End PBXFrameworksBuildPhase section */

/* Begin PBXGroup section */
		3ED7EACF1952D7E4004C5ED2 = {
			isa = PBXGroup;
			children = (
				3ED7EADA1952D7E4004C5ED2 /* frenvent-ios */,
				3ED7EAEB1952D7E5004C5ED2 /* frenvent-iosTests */,
				3ED7EAD91952D7E4004C5ED2 /* Products */,
			);
			sourceTree = "<group>";
		};
		3ED7EAD91952D7E4004C5ED2 /* Products */ = {
			isa = PBXGroup;
			children = (
				3ED7EAD81952D7E4004C5ED2 /* frenvent-ios.app */,
				3ED7EAE81952D7E4004C5ED2 /* frenvent-iosTests.xctest */,
			);
			name = Products;
			sourceTree = "<group>";
		};
		3ED7EADA1952D7E4004C5ED2 /* frenvent-ios */ = {
			isa = PBXGroup;
			children = (
				3ED7EADD1952D7E4004C5ED2 /* AppDelegate.swift */,
				3ED7EAE21952D7E4004C5ED2 /* Images.xcassets */,
				3ED7EADF1952D7E4004C5ED2 /* frenvent_ios.xcdatamodeld */,
				3ED7EADB1952D7E4004C5ED2 /* Supporting Files */,
			);
			path = "frenvent-ios";
			sourceTree = "<group>";
		};
		3ED7EADB1952D7E4004C5ED2 /* Supporting Files */ = {
			isa = PBXGroup;
			children = (
				3ED7EADC1952D7E4004C5ED2 /* Info.plist */,
			);
			name = "Supporting Files";
			sourceTree = "<group>";
		};
		3ED7EAEB1952D7E5004C5ED2 /* frenvent-iosTests */ = {
			isa = PBXGroup;
			children = (
				3ED7EAEE1952D7E5004C5ED2 /* frenvent_iosTests.swift */,
				3ED7EAEC1952D7E5004C5ED2 /* Supporting Files */,
			);
			path = "frenvent-iosTests";
			sourceTree = "<group>";
		};
		3ED7EAEC1952D7E5004C5ED2 /* Supporting Files */ = {
			isa = PBXGroup;
			children = (
				3ED7EAED1952D7E5004C5ED2 /* Info.plist */,
			);
			name = "Supporting Files";
			sourceTree = "<group>";
		};
/* End PBXGroup section */

/* Begin PBXNativeTarget section */
		3ED7EAD71952D7E4004C5ED2 /* frenvent-ios */ = {
			isa = PBXNativeTarget;
			buildConfigurationList = 3ED7EAF21952D7E5004C5ED2 /* Build configuration list for PBXNativeTarget "frenvent-ios" */;
			buildPhases = (
				3ED7EAD41952D7E4004C5ED2 /* Sources */,
				3ED7EAD51952D7E4004C5ED2 /* Frameworks */,
				3ED7EAD61952D7E4004C5ED2 /* Resources */,
			);
			buildRules = (
			);
			dependencies = (
			);
			name = "frenvent-ios";
			productName = "frenvent-ios";
			productReference = 3ED7EAD81952D7E4004C5ED2 /* frenvent-ios.app */;
			productType = "com.apple.product-type.application";
		};
		3ED7EAE71952D7E4004C5ED2 /* frenvent-iosTests */ = {
			isa = PBXNativeTarget;
			buildConfigurationList = 3ED7EAF51952D7E5004C5ED2 /* Build configuration list for PBXNativeTarget "frenvent-iosTests" */;
			buildPhases = (
				3ED7EAE41952D7E4004C5ED2 /* Sources */,
				3ED7EAE51952D7E4004C5ED2 /* Frameworks */,
				3ED7EAE61952D7E4004C5ED2 /* Resources */,
			);
			buildRules = (
			);
			dependencies = (
				3ED7EAEA1952D7E5004C5ED2 /* PBXTargetDependency */,
			);
			name = "frenvent-iosTests";
			productName = "frenvent-iosTests";
			productReference = 3ED7EAE81952D7E4004C5ED2 /* frenvent-iosTests.xctest */;
			productType = "com.apple.product-type.bundle.unit-test";
		};
/* End PBXNativeTarget section */

/* Begin PBXProject section */
		3ED7EAD01952D7E4004C5ED2 /* Project object */ = {
			isa = PBXProject;
			attributes = {
				LastUpgradeCheck = 0600;
				ORGANIZATIONNAME = Frenvent;
				TargetAttributes = {
					3ED7EAD71952D7E4004C5ED2 = {
						CreatedOnToolsVersion = 6.0;
					};
					3ED7EAE71952D7E4004C5ED2 = {
						CreatedOnToolsVersion = 6.0;
						TestTargetID = 3ED7EAD71952D7E4004C5ED2;
					};
				};
			};
			buildConfigurationList = 3ED7EAD31952D7E4004C5ED2 /* Build configuration list for PBXProject "frenvent-ios" */;
			compatibilityVersion = "Xcode 3.2";
			developmentRegion = English;
			hasScannedForEncodings = 0;
			knownRegions = (
				en,
			);
			mainGroup = 3ED7EACF1952D7E4004C5ED2;
			productRefGroup = 3ED7EAD91952D7E4004C5ED2 /* Products */;
			projectDirPath = "";
			projectRoot = "";
			targets = (
				3ED7EAD71952D7E4004C5ED2 /* frenvent-ios */,
				3ED7EAE71952D7E4004C5ED2 /* frenvent-iosTests */,
			);
		};
/* End PBXProject section */

/* Begin PBXResourcesBuildPhase section */
		3ED7EAD61952D7E4004C5ED2 /* Resources */ = {
			isa = PBXResourcesBuildPhase;
			buildActionMask = 2147483647;
			files = (
				3ED7EAE31952D7E4004C5ED2 /* Images.xcassets in Resources */,
			);
			runOnlyForDeploymentPostprocessing = 0;
		};
		3ED7EAE61952D7E4004C5ED2 /* Resources */ = {
			isa = PBXResourcesBuildPhase;
			buildActionMask = 2147483647;
			files = (
			);
			runOnlyForDeploymentPostprocessing = 0;
		};
/* End PBXResourcesBuildPhase section */

/* Begin PBXSourcesBuildPhase section */
		3ED7EAD41952D7E4004C5ED2 /* Sources */ = {
			isa = PBXSourcesBuildPhase;
			buildActionMask = 2147483647;
			files = (
				3ED7EADE1952D7E4004C5ED2 /* AppDelegate.swift in Sources */,
				3ED7EAE11952D7E4004C5ED2 /* frenvent_ios.xcdatamodeld in Sources */,
			);
			runOnlyForDeploymentPostprocessing = 0;
		};
		3ED7EAE41952D7E4004C5ED2 /* Sources */ = {
			isa = PBXSourcesBuildPhase;
			buildActionMask = 2147483647;
			files = (
				3ED7EAEF1952D7E5004C5ED2 /* frenvent_iosTests.swift in Sources */,
			);
			runOnlyForDeploymentPostprocessing = 0;
		};
/* End PBXSourcesBuildPhase section */

/* Begin PBXTargetDependency section */
		3ED7EAEA1952D7E5004C5ED2 /* PBXTargetDependency */ = {
			isa = PBXTargetDependency;
			target = 3ED7EAD71952D7E4004C5ED2 /* frenvent-ios */;
			targetProxy = 3ED7EAE91952D7E5004C5ED2 /* PBXContainerItemProxy */;
		};
/* End PBXTargetDependency section */

/* Begin XCBuildConfiguration section */
		3ED7EAF01952D7E5004C5ED2 /* Debug */ = {
			isa = XCBuildConfiguration;
			buildSettings = {
				ALWAYS_SEARCH_USER_PATHS = NO;
				CLANG_CXX_LANGUAGE_STANDARD = "gnu++0x";
				CLANG_CXX_LIBRARY = "libc++";
				CLANG_ENABLE_MODULES = YES;
				CLANG_ENABLE_OBJC_ARC = YES;
				CLANG_WARN_BOOL_CONVERSION = YES;
				CLANG_WARN_CONSTANT_CONVERSION = YES;
				CLANG_WARN_DIRECT_OBJC_ISA_USAGE = YES_ERROR;
				CLANG_WARN_EMPTY_BODY = YES;
				CLANG_WARN_ENUM_CONVERSION = YES;
				CLANG_WARN_INT_CONVERSION = YES;
				CLANG_WARN_OBJC_ROOT_CLASS = YES_ERROR;
				CLANG_WARN_UNREACHABLE_CODE = YES;
				CLANG_WARN__DUPLICATE_METHOD_MATCH = YES;
				"CODE_SIGN_IDENTITY[sdk=iphoneos*]" = "iPhone Developer";
				COPY_PHASE_STRIP = NO;
				ENABLE_STRICT_OBJC_MSGSEND = YES;
				GCC_C_LANGUAGE_STANDARD = gnu99;
				GCC_DYNAMIC_NO_PIC = NO;
				GCC_OPTIMIZATION_LEVEL = 0;
				GCC_PREPROCESSOR_DEFINITIONS = (
					"DEBUG=1",
					"$(inherited)",
				);
				GCC_SYMBOLS_PRIVATE_EXTERN = NO;
				GCC_WARN_64_TO_32_BIT_CONVERSION = YES;
				GCC_WARN_ABOUT_RETURN_TYPE = YES_ERROR;
				GCC_WARN_UNDECLARED_SELECTOR = YES;
				GCC_WARN_UNINITIALIZED_AUTOS = YES_AGGRESSIVE;
				GCC_WARN_UNUSED_FUNCTION = YES;
				GCC_WARN_UNUSED_VARIABLE = YES;
				IPHONEOS_DEPLOYMENT_TARGET = 8.0;
				METAL_ENABLE_DEBUG_INFO = YES;
				ONLY_ACTIVE_ARCH = YES;
				SDKROOT = iphoneos;
				SWIFT_OPTIMIZATION_LEVEL = "-Onone";
			};
			name = Debug;
		};
		3ED7EAF11952D7E5004C5ED2 /* Release */ = {
			isa = XCBuildConfiguration;
			buildSettings = {
				ALWAYS_SEARCH_USER_PATHS = NO;
				CLANG_CXX_LANGUAGE_STANDARD = "gnu++0x";
				CLANG_CXX_LIBRARY = "libc++";
				CLANG_ENABLE_MODULES = YES;
				CLANG_ENABLE_OBJC_ARC = YES;
				CLANG_WARN_BOOL_CONVERSION = YES;
				CLANG_WARN_CONSTANT_CONVERSION = YES;
				CLANG_WARN_DIRECT_OBJC_ISA_USAGE = YES_ERROR;
				CLANG_WARN_EMPTY_BODY = YES;
				CLANG_WARN_ENUM_CONVERSION = YES;
				CLANG_WARN_INT_CONVERSION = YES;
				CLANG_WARN_OBJC_ROOT_CLASS = YES_ERROR;
				CLANG_WARN_UNREACHABLE_CODE = YES;
				CLANG_WARN__DUPLICATE_METHOD_MATCH = YES;
				"CODE_SIGN_IDENTITY[sdk=iphoneos*]" = "iPhone Developer";
				COPY_PHASE_STRIP = YES;
				ENABLE_NS_ASSERTIONS = NO;
				ENABLE_STRICT_OBJC_MSGSEND = YES;
				GCC_C_LANGUAGE_STANDARD = gnu99;
				GCC_WARN_64_TO_32_BIT_CONVERSION = YES;
				GCC_WARN_ABOUT_RETURN_TYPE = YES_ERROR;
				GCC_WARN_UNDECLARED_SELECTOR = YES;
				GCC_WARN_UNINITIALIZED_AUTOS = YES_AGGRESSIVE;
				GCC_WARN_UNUSED_FUNCTION = YES;
				GCC_WARN_UNUSED_VARIABLE = YES;
				IPHONEOS_DEPLOYMENT_TARGET = 8.0;
				METAL_ENABLE_DEBUG_INFO = NO;
				SDKROOT = iphoneos;
				VALIDATE_PRODUCT = YES;
			};
			name = Release;
		};
		3ED7EAF31952D7E5004C5ED2 /* Debug */ = {
			isa = XCBuildConfiguration;
			buildSettings = {
				ASSETCATALOG_COMPILER_APPICON_NAME = AppIcon;
				ASSETCATALOG_COMPILER_LAUNCHIMAGE_NAME = LaunchImage;
				INFOPLIST_FILE = "frenvent-ios/Info.plist";
				LD_RUNPATH_SEARCH_PATHS = "$(inherited) @executable_path/Frameworks";
				PRODUCT_NAME = "$(TARGET_NAME)";
			};
			name = Debug;
		};
		3ED7EAF41952D7E5004C5ED2 /* Release */ = {
			isa = XCBuildConfiguration;
			buildSettings = {
				ASSETCATALOG_COMPILER_APPICON_NAME = AppIcon;
				ASSETCATALOG_COMPILER_LAUNCHIMAGE_NAME = LaunchImage;
				INFOPLIST_FILE = "frenvent-ios/Info.plist";
				LD_RUNPATH_SEARCH_PATHS = "$(inherited) @executable_path/Frameworks";
				PRODUCT_NAME = "$(TARGET_NAME)";
			};
			name = Release;
		};
		3ED7EAF61952D7E5004C5ED2 /* Debug */ = {
			isa = XCBuildConfiguration;
			buildSettings = {
				BUNDLE_LOADER = "$(BUILT_PRODUCTS_DIR)/frenvent-ios.app/frenvent-ios";
				FRAMEWORK_SEARCH_PATHS = (
					"$(SDKROOT)/Developer/Library/Frameworks",
					"$(inherited)",
				);
				GCC_PREPROCESSOR_DEFINITIONS = (
					"DEBUG=1",
					"$(inherited)",
				);
				INFOPLIST_FILE = "frenvent-iosTests/Info.plist";
				LD_RUNPATH_SEARCH_PATHS = "$(inherited) @executable_path/Frameworks @loader_path/Frameworks";
				METAL_ENABLE_DEBUG_INFO = YES;
				PRODUCT_NAME = "$(TARGET_NAME)";
				TEST_HOST = "$(BUNDLE_LOADER)";
			};
			name = Debug;
		};
		3ED7EAF71952D7E5004C5ED2 /* Release */ = {
			isa = XCBuildConfiguration;
			buildSettings = {
				BUNDLE_LOADER = "$(BUILT_PRODUCTS_DIR)/frenvent-ios.app/frenvent-ios";
				FRAMEWORK_SEARCH_PATHS = (
					"$(SDKROOT)/Developer/Library/Frameworks",
					"$(inherited)",
				);
				INFOPLIST_FILE = "frenvent-iosTests/Info.plist";
				LD_RUNPATH_SEARCH_PATHS = "$(inherited) @executable_path/Frameworks @loader_path/Frameworks";
				METAL_ENABLE_DEBUG_INFO = NO;
				PRODUCT_NAME = "$(TARGET_NAME)";
				TEST_HOST = "$(BUNDLE_LOADER)";
			};
			name = Release;
		};
/* End XCBuildConfiguration section */

/* Begin XCConfigurationList section */
		3ED7EAD31952D7E4004C5ED2 /* Build configuration list for PBXProject "frenvent-ios" */ = {
			isa = XCConfigurationList;
			buildConfigurations = (
				3ED7EAF01952D7E5004C5ED2 /* Debug */,
				3ED7EAF11952D7E5004C5ED2 /* Release */,
			);
			defaultConfigurationIsVisible = 0;
			defaultConfigurationName = Release;
		};
		3ED7EAF21952D7E5004C5ED2 /* Build configuration list for PBXNativeTarget "frenvent-ios" */ = {
			isa = XCConfigurationList;
			buildConfigurations = (
				3ED7EAF31952D7E5004C5ED2 /* Debug */,
				3ED7EAF41952D7E5004C5ED2 /* Release */,
			);
			defaultConfigurationIsVisible = 0;
		};
		3ED7EAF51952D7E5004C5ED2 /* Build configuration list for PBXNativeTarget "frenvent-iosTests" */ = {
			isa = XCConfigurationList;
			buildConfigurations = (
				3ED7EAF61952D7E5004C5ED2 /* Debug */,
				3ED7EAF71952D7E5004C5ED2 /* Release */,
			);
			defaultConfigurationIsVisible = 0;
		};
/* End XCConfigurationList section */

/* Begin XCVersionGroup section */
		3ED7EADF1952D7E4004C5ED2 /* frenvent_ios.xcdatamodeld */ = {
			isa = XCVersionGroup;
			children = (
				3ED7EAE01952D7E4004C5ED2 /* frenvent_ios.xcdatamodel */,
			);
			currentVersion = 3ED7EAE01952D7E4004C5ED2 /* frenvent_ios.xcdatamodel */;
			path = frenvent_ios.xcdatamodeld;
			sourceTree = "<group>";
			versionGroupType = wrapper.xcdatamodel;
		};
/* End XCVersionGroup section */
	};
	rootObject = 3ED7EAD01952D7E4004C5ED2 /* Project object */;
}
