// !$*UTF8*$!
{
	archiveVersion = 1;
	classes = {
	};
	objectVersion = 46;
	objects = {

/* Begin PBXBuildFile section */
		3E57FB2B1959517200D3293D /* Foundation.framework in Frameworks */ = {isa = PBXBuildFile; fileRef = 3E57FB2A1959517200D3293D /* Foundation.framework */; };
		3E57FB2D1959517200D3293D /* CoreGraphics.framework in Frameworks */ = {isa = PBXBuildFile; fileRef = 3E57FB2C1959517200D3293D /* CoreGraphics.framework */; };
		3E57FB2F1959517200D3293D /* UIKit.framework in Frameworks */ = {isa = PBXBuildFile; fileRef = 3E57FB2E1959517200D3293D /* UIKit.framework */; };
		3E57FB311959517200D3293D /* CoreData.framework in Frameworks */ = {isa = PBXBuildFile; fileRef = 3E57FB301959517200D3293D /* CoreData.framework */; };
		3E57FB371959517200D3293D /* InfoPlist.strings in Resources */ = {isa = PBXBuildFile; fileRef = 3E57FB351959517200D3293D /* InfoPlist.strings */; };
		3E57FB391959517200D3293D /* main.m in Sources */ = {isa = PBXBuildFile; fileRef = 3E57FB381959517200D3293D /* main.m */; };
		3E57FB3D1959517200D3293D /* AppDelegate.m in Sources */ = {isa = PBXBuildFile; fileRef = 3E57FB3C1959517200D3293D /* AppDelegate.m */; };
		3E57FB401959517200D3293D /* Frenvent.xcdatamodeld in Sources */ = {isa = PBXBuildFile; fileRef = 3E57FB3E1959517200D3293D /* Frenvent.xcdatamodeld */; };
		3E57FB421959517200D3293D /* Images.xcassets in Resources */ = {isa = PBXBuildFile; fileRef = 3E57FB411959517200D3293D /* Images.xcassets */; };
		3E57FB491959517200D3293D /* XCTest.framework in Frameworks */ = {isa = PBXBuildFile; fileRef = 3E57FB481959517200D3293D /* XCTest.framework */; };
		3E57FB4A1959517200D3293D /* Foundation.framework in Frameworks */ = {isa = PBXBuildFile; fileRef = 3E57FB2A1959517200D3293D /* Foundation.framework */; };
		3E57FB4B1959517200D3293D /* UIKit.framework in Frameworks */ = {isa = PBXBuildFile; fileRef = 3E57FB2E1959517200D3293D /* UIKit.framework */; };
		3E57FB4C1959517200D3293D /* CoreData.framework in Frameworks */ = {isa = PBXBuildFile; fileRef = 3E57FB301959517200D3293D /* CoreData.framework */; };
		3E57FB541959517200D3293D /* InfoPlist.strings in Resources */ = {isa = PBXBuildFile; fileRef = 3E57FB521959517200D3293D /* InfoPlist.strings */; };
		3E57FB561959517200D3293D /* FrenventTests.m in Sources */ = {isa = PBXBuildFile; fileRef = 3E57FB551959517200D3293D /* FrenventTests.m */; };
		3E57FB641959555400D3293D /* Bolts.framework in Frameworks */ = {isa = PBXBuildFile; fileRef = 3E57FB621959555400D3293D /* Bolts.framework */; };
		3E57FB651959555400D3293D /* FacebookSDK.framework in Frameworks */ = {isa = PBXBuildFile; fileRef = 3E57FB631959555400D3293D /* FacebookSDK.framework */; };
		3E57FB681959587400D3293D /* TimeSupport.m in Sources */ = {isa = PBXBuildFile; fileRef = 3E57FB671959587400D3293D /* TimeSupport.m */; };
		3EACE383195A45E90023EF58 /* EventCoreData.m in Sources */ = {isa = PBXBuildFile; fileRef = 3EACE382195A45E90023EF58 /* EventCoreData.m */; };
		3EACE3C4195C03C80023EF58 /* Friend.m in Sources */ = {isa = PBXBuildFile; fileRef = 3EACE3C3195C03C80023EF58 /* Friend.m */; };
		3EACE3C7195C03C80023EF58 /* FriendToEvent.m in Sources */ = {isa = PBXBuildFile; fileRef = 3EACE3C6195C03C80023EF58 /* FriendToEvent.m */; };
		3EACE3CA195C03C80023EF58 /* Event.m in Sources */ = {isa = PBXBuildFile; fileRef = 3EACE3C9195C03C80023EF58 /* Event.m */; };
		3EACE3CD195C08CA0023EF58 /* FriendToEventCoreData.m in Sources */ = {isa = PBXBuildFile; fileRef = 3EACE3CC195C08CA0023EF58 /* FriendToEventCoreData.m */; };
		3EACE3D0195CA1EE0023EF58 /* FriendCoreData.m in Sources */ = {isa = PBXBuildFile; fileRef = 3EACE3CF195CA1EE0023EF58 /* FriendCoreData.m */; };
		3EACE3D2195D74BC0023EF58 /* Main.storyboard in Resources */ = {isa = PBXBuildFile; fileRef = 3EACE3D1195D74BC0023EF58 /* Main.storyboard */; };
		3EACE3D6195DFB2D0023EF58 /* LoginViewController.m in Sources */ = {isa = PBXBuildFile; fileRef = 3EACE3D5195DFB2D0023EF58 /* LoginViewController.m */; };
		3EACE3D8195E0E0F0023EF58 /* MapKit.framework in Frameworks */ = {isa = PBXBuildFile; fileRef = 3EACE3D7195E0E0F0023EF58 /* MapKit.framework */; };
		3EACE3DA195E0E170023EF58 /* ImageIO.framework in Frameworks */ = {isa = PBXBuildFile; fileRef = 3EACE3D9195E0E170023EF58 /* ImageIO.framework */; };
		3EACE3DC195E0E210023EF58 /* CoreLocation.framework in Frameworks */ = {isa = PBXBuildFile; fileRef = 3EACE3DB195E0E210023EF58 /* CoreLocation.framework */; };
		3EACE3DE195E0E530023EF58 /* QuartzCore.framework in Frameworks */ = {isa = PBXBuildFile; fileRef = 3EACE3DD195E0E530023EF58 /* QuartzCore.framework */; };
		3EACE3F4195E2CF30023EF58 /* AFHTTPRequestOperation.m in Sources */ = {isa = PBXBuildFile; fileRef = 3EACE3E2195E2CF30023EF58 /* AFHTTPRequestOperation.m */; };
		3EACE3F5195E2CF30023EF58 /* AFHTTPRequestOperationManager.m in Sources */ = {isa = PBXBuildFile; fileRef = 3EACE3E4195E2CF30023EF58 /* AFHTTPRequestOperationManager.m */; };
		3EACE3F6195E2CF30023EF58 /* AFHTTPSessionManager.m in Sources */ = {isa = PBXBuildFile; fileRef = 3EACE3E6195E2CF30023EF58 /* AFHTTPSessionManager.m */; };
		3EACE3F7195E2CF30023EF58 /* AFNetworkReachabilityManager.m in Sources */ = {isa = PBXBuildFile; fileRef = 3EACE3E9195E2CF30023EF58 /* AFNetworkReachabilityManager.m */; };
		3EACE3F8195E2CF30023EF58 /* AFSecurityPolicy.m in Sources */ = {isa = PBXBuildFile; fileRef = 3EACE3EB195E2CF30023EF58 /* AFSecurityPolicy.m */; };
		3EACE3F9195E2CF30023EF58 /* AFURLConnectionOperation.m in Sources */ = {isa = PBXBuildFile; fileRef = 3EACE3ED195E2CF30023EF58 /* AFURLConnectionOperation.m */; };
		3EACE3FA195E2CF30023EF58 /* AFURLRequestSerialization.m in Sources */ = {isa = PBXBuildFile; fileRef = 3EACE3EF195E2CF30023EF58 /* AFURLRequestSerialization.m */; };
		3EACE3FB195E2CF30023EF58 /* AFURLResponseSerialization.m in Sources */ = {isa = PBXBuildFile; fileRef = 3EACE3F1195E2CF30023EF58 /* AFURLResponseSerialization.m */; };
		3EACE3FC195E2CF30023EF58 /* AFURLSessionManager.m in Sources */ = {isa = PBXBuildFile; fileRef = 3EACE3F3195E2CF30023EF58 /* AFURLSessionManager.m */; };
		3EACE3FE195E2E4B0023EF58 /* SDWebImage.framework in Frameworks */ = {isa = PBXBuildFile; fileRef = 3EACE3FD195E2E4B0023EF58 /* SDWebImage.framework */; };
		3EACE401195E37FB0023EF58 /* Constants.m in Sources */ = {isa = PBXBuildFile; fileRef = 3EACE400195E37FB0023EF58 /* Constants.m */; };
/* End PBXBuildFile section */

/* Begin PBXContainerItemProxy section */
		3E57FB4D1959517200D3293D /* PBXContainerItemProxy */ = {
			isa = PBXContainerItemProxy;
			containerPortal = 3E57FB1F1959517200D3293D /* Project object */;
			proxyType = 1;
			remoteGlobalIDString = 3E57FB261959517200D3293D;
			remoteInfo = Frenvent;
		};
/* End PBXContainerItemProxy section */

/* Begin PBXFileReference section */
		3E57FB271959517200D3293D /* Frenvent.app */ = {isa = PBXFileReference; explicitFileType = wrapper.application; includeInIndex = 0; path = Frenvent.app; sourceTree = BUILT_PRODUCTS_DIR; };
		3E57FB2A1959517200D3293D /* Foundation.framework */ = {isa = PBXFileReference; lastKnownFileType = wrapper.framework; name = Foundation.framework; path = System/Library/Frameworks/Foundation.framework; sourceTree = SDKROOT; };
		3E57FB2C1959517200D3293D /* CoreGraphics.framework */ = {isa = PBXFileReference; lastKnownFileType = wrapper.framework; name = CoreGraphics.framework; path = System/Library/Frameworks/CoreGraphics.framework; sourceTree = SDKROOT; };
		3E57FB2E1959517200D3293D /* UIKit.framework */ = {isa = PBXFileReference; lastKnownFileType = wrapper.framework; name = UIKit.framework; path = System/Library/Frameworks/UIKit.framework; sourceTree = SDKROOT; };
		3E57FB301959517200D3293D /* CoreData.framework */ = {isa = PBXFileReference; lastKnownFileType = wrapper.framework; name = CoreData.framework; path = System/Library/Frameworks/CoreData.framework; sourceTree = SDKROOT; };
		3E57FB341959517200D3293D /* Frenvent-Info.plist */ = {isa = PBXFileReference; lastKnownFileType = text.plist.xml; path = "Frenvent-Info.plist"; sourceTree = "<group>"; };
		3E57FB361959517200D3293D /* en */ = {isa = PBXFileReference; lastKnownFileType = text.plist.strings; name = en; path = en.lproj/InfoPlist.strings; sourceTree = "<group>"; };
		3E57FB381959517200D3293D /* main.m */ = {isa = PBXFileReference; lastKnownFileType = sourcecode.c.objc; path = main.m; sourceTree = "<group>"; };
		3E57FB3A1959517200D3293D /* Frenvent-Prefix.pch */ = {isa = PBXFileReference; lastKnownFileType = sourcecode.c.h; path = "Frenvent-Prefix.pch"; sourceTree = "<group>"; };
		3E57FB3B1959517200D3293D /* AppDelegate.h */ = {isa = PBXFileReference; lastKnownFileType = sourcecode.c.h; path = AppDelegate.h; sourceTree = "<group>"; };
		3E57FB3C1959517200D3293D /* AppDelegate.m */ = {isa = PBXFileReference; lastKnownFileType = sourcecode.c.objc; path = AppDelegate.m; sourceTree = "<group>"; };
		3E57FB3F1959517200D3293D /* Frenvent.xcdatamodel */ = {isa = PBXFileReference; lastKnownFileType = wrapper.xcdatamodel; path = Frenvent.xcdatamodel; sourceTree = "<group>"; };
		3E57FB411959517200D3293D /* Images.xcassets */ = {isa = PBXFileReference; lastKnownFileType = folder.assetcatalog; path = Images.xcassets; sourceTree = "<group>"; };
		3E57FB471959517200D3293D /* FrenventTests.xctest */ = {isa = PBXFileReference; explicitFileType = wrapper.cfbundle; includeInIndex = 0; path = FrenventTests.xctest; sourceTree = BUILT_PRODUCTS_DIR; };
		3E57FB481959517200D3293D /* XCTest.framework */ = {isa = PBXFileReference; lastKnownFileType = wrapper.framework; name = XCTest.framework; path = Library/Frameworks/XCTest.framework; sourceTree = DEVELOPER_DIR; };
		3E57FB511959517200D3293D /* FrenventTests-Info.plist */ = {isa = PBXFileReference; lastKnownFileType = text.plist.xml; path = "FrenventTests-Info.plist"; sourceTree = "<group>"; };
		3E57FB531959517200D3293D /* en */ = {isa = PBXFileReference; lastKnownFileType = text.plist.strings; name = en; path = en.lproj/InfoPlist.strings; sourceTree = "<group>"; };
		3E57FB551959517200D3293D /* FrenventTests.m */ = {isa = PBXFileReference; lastKnownFileType = sourcecode.c.objc; path = FrenventTests.m; sourceTree = "<group>"; };
		3E57FB621959555400D3293D /* Bolts.framework */ = {isa = PBXFileReference; lastKnownFileType = wrapper.framework; name = Bolts.framework; path = Frenvent/frameworks/Bolts.framework; sourceTree = "<group>"; };
		3E57FB631959555400D3293D /* FacebookSDK.framework */ = {isa = PBXFileReference; lastKnownFileType = wrapper.framework; name = FacebookSDK.framework; path = Frenvent/frameworks/FacebookSDK.framework; sourceTree = "<group>"; };
		3E57FB661959587400D3293D /* TimeSupport.h */ = {isa = PBXFileReference; fileEncoding = 4; lastKnownFileType = sourcecode.c.h; name = TimeSupport.h; path = Supports/TimeSupport.h; sourceTree = "<group>"; };
		3E57FB671959587400D3293D /* TimeSupport.m */ = {isa = PBXFileReference; fileEncoding = 4; lastKnownFileType = sourcecode.c.objc; name = TimeSupport.m; path = Supports/TimeSupport.m; sourceTree = "<group>"; };
		3EACE381195A45E90023EF58 /* EventCoreData.h */ = {isa = PBXFileReference; fileEncoding = 4; lastKnownFileType = sourcecode.c.h; name = EventCoreData.h; path = CoreDatas/EventCoreData.h; sourceTree = "<group>"; };
		3EACE382195A45E90023EF58 /* EventCoreData.m */ = {isa = PBXFileReference; fileEncoding = 4; lastKnownFileType = sourcecode.c.objc; name = EventCoreData.m; path = CoreDatas/EventCoreData.m; sourceTree = "<group>"; };
		3EACE3C2195C03C80023EF58 /* Friend.h */ = {isa = PBXFileReference; fileEncoding = 4; lastKnownFileType = sourcecode.c.h; name = Friend.h; path = CoreDatas/Objects/Friend.h; sourceTree = "<group>"; };
		3EACE3C3195C03C80023EF58 /* Friend.m */ = {isa = PBXFileReference; fileEncoding = 4; lastKnownFileType = sourcecode.c.objc; name = Friend.m; path = CoreDatas/Objects/Friend.m; sourceTree = "<group>"; };
		3EACE3C5195C03C80023EF58 /* FriendToEvent.h */ = {isa = PBXFileReference; fileEncoding = 4; lastKnownFileType = sourcecode.c.h; name = FriendToEvent.h; path = CoreDatas/Objects/FriendToEvent.h; sourceTree = "<group>"; };
		3EACE3C6195C03C80023EF58 /* FriendToEvent.m */ = {isa = PBXFileReference; fileEncoding = 4; lastKnownFileType = sourcecode.c.objc; name = FriendToEvent.m; path = CoreDatas/Objects/FriendToEvent.m; sourceTree = "<group>"; };
		3EACE3C8195C03C80023EF58 /* Event.h */ = {isa = PBXFileReference; fileEncoding = 4; lastKnownFileType = sourcecode.c.h; name = Event.h; path = CoreDatas/Objects/Event.h; sourceTree = "<group>"; };
		3EACE3C9195C03C80023EF58 /* Event.m */ = {isa = PBXFileReference; fileEncoding = 4; lastKnownFileType = sourcecode.c.objc; name = Event.m; path = CoreDatas/Objects/Event.m; sourceTree = "<group>"; };
		3EACE3CB195C08CA0023EF58 /* FriendToEventCoreData.h */ = {isa = PBXFileReference; fileEncoding = 4; lastKnownFileType = sourcecode.c.h; name = FriendToEventCoreData.h; path = CoreDatas/FriendToEventCoreData.h; sourceTree = "<group>"; };
		3EACE3CC195C08CA0023EF58 /* FriendToEventCoreData.m */ = {isa = PBXFileReference; fileEncoding = 4; lastKnownFileType = sourcecode.c.objc; name = FriendToEventCoreData.m; path = CoreDatas/FriendToEventCoreData.m; sourceTree = "<group>"; };
		3EACE3CE195CA1EE0023EF58 /* FriendCoreData.h */ = {isa = PBXFileReference; fileEncoding = 4; lastKnownFileType = sourcecode.c.h; name = FriendCoreData.h; path = CoreDatas/FriendCoreData.h; sourceTree = "<group>"; };
		3EACE3CF195CA1EE0023EF58 /* FriendCoreData.m */ = {isa = PBXFileReference; fileEncoding = 4; lastKnownFileType = sourcecode.c.objc; name = FriendCoreData.m; path = CoreDatas/FriendCoreData.m; sourceTree = "<group>"; };
		3EACE3D1195D74BC0023EF58 /* Main.storyboard */ = {isa = PBXFileReference; fileEncoding = 4; lastKnownFileType = file.storyboard; path = Main.storyboard; sourceTree = "<group>"; };
		3EACE3D4195DFB2D0023EF58 /* LoginViewController.h */ = {isa = PBXFileReference; fileEncoding = 4; lastKnownFileType = sourcecode.c.h; name = LoginViewController.h; path = ViewControllers/LoginViewController.h; sourceTree = "<group>"; };
		3EACE3D5195DFB2D0023EF58 /* LoginViewController.m */ = {isa = PBXFileReference; fileEncoding = 4; lastKnownFileType = sourcecode.c.objc; name = LoginViewController.m; path = ViewControllers/LoginViewController.m; sourceTree = "<group>"; };
		3EACE3D7195E0E0F0023EF58 /* MapKit.framework */ = {isa = PBXFileReference; lastKnownFileType = wrapper.framework; name = MapKit.framework; path = System/Library/Frameworks/MapKit.framework; sourceTree = SDKROOT; };
		3EACE3D9195E0E170023EF58 /* ImageIO.framework */ = {isa = PBXFileReference; lastKnownFileType = wrapper.framework; name = ImageIO.framework; path = System/Library/Frameworks/ImageIO.framework; sourceTree = SDKROOT; };
		3EACE3DB195E0E210023EF58 /* CoreLocation.framework */ = {isa = PBXFileReference; lastKnownFileType = wrapper.framework; name = CoreLocation.framework; path = System/Library/Frameworks/CoreLocation.framework; sourceTree = SDKROOT; };
		3EACE3DD195E0E530023EF58 /* QuartzCore.framework */ = {isa = PBXFileReference; lastKnownFileType = wrapper.framework; name = QuartzCore.framework; path = System/Library/Frameworks/QuartzCore.framework; sourceTree = SDKROOT; };
		3EACE3E1195E2CF30023EF58 /* AFHTTPRequestOperation.h */ = {isa = PBXFileReference; fileEncoding = 4; lastKnownFileType = sourcecode.c.h; path = AFHTTPRequestOperation.h; sourceTree = "<group>"; };
		3EACE3E2195E2CF30023EF58 /* AFHTTPRequestOperation.m */ = {isa = PBXFileReference; fileEncoding = 4; lastKnownFileType = sourcecode.c.objc; path = AFHTTPRequestOperation.m; sourceTree = "<group>"; };
		3EACE3E3195E2CF30023EF58 /* AFHTTPRequestOperationManager.h */ = {isa = PBXFileReference; fileEncoding = 4; lastKnownFileType = sourcecode.c.h; path = AFHTTPRequestOperationManager.h; sourceTree = "<group>"; };
		3EACE3E4195E2CF30023EF58 /* AFHTTPRequestOperationManager.m */ = {isa = PBXFileReference; fileEncoding = 4; lastKnownFileType = sourcecode.c.objc; path = AFHTTPRequestOperationManager.m; sourceTree = "<group>"; };
		3EACE3E5195E2CF30023EF58 /* AFHTTPSessionManager.h */ = {isa = PBXFileReference; fileEncoding = 4; lastKnownFileType = sourcecode.c.h; path = AFHTTPSessionManager.h; sourceTree = "<group>"; };
		3EACE3E6195E2CF30023EF58 /* AFHTTPSessionManager.m */ = {isa = PBXFileReference; fileEncoding = 4; lastKnownFileType = sourcecode.c.objc; path = AFHTTPSessionManager.m; sourceTree = "<group>"; };
		3EACE3E7195E2CF30023EF58 /* AFNetworking.h */ = {isa = PBXFileReference; fileEncoding = 4; lastKnownFileType = sourcecode.c.h; path = AFNetworking.h; sourceTree = "<group>"; };
		3EACE3E8195E2CF30023EF58 /* AFNetworkReachabilityManager.h */ = {isa = PBXFileReference; fileEncoding = 4; lastKnownFileType = sourcecode.c.h; path = AFNetworkReachabilityManager.h; sourceTree = "<group>"; };
		3EACE3E9195E2CF30023EF58 /* AFNetworkReachabilityManager.m */ = {isa = PBXFileReference; fileEncoding = 4; lastKnownFileType = sourcecode.c.objc; path = AFNetworkReachabilityManager.m; sourceTree = "<group>"; };
		3EACE3EA195E2CF30023EF58 /* AFSecurityPolicy.h */ = {isa = PBXFileReference; fileEncoding = 4; lastKnownFileType = sourcecode.c.h; path = AFSecurityPolicy.h; sourceTree = "<group>"; };
		3EACE3EB195E2CF30023EF58 /* AFSecurityPolicy.m */ = {isa = PBXFileReference; fileEncoding = 4; lastKnownFileType = sourcecode.c.objc; path = AFSecurityPolicy.m; sourceTree = "<group>"; };
		3EACE3EC195E2CF30023EF58 /* AFURLConnectionOperation.h */ = {isa = PBXFileReference; fileEncoding = 4; lastKnownFileType = sourcecode.c.h; path = AFURLConnectionOperation.h; sourceTree = "<group>"; };
		3EACE3ED195E2CF30023EF58 /* AFURLConnectionOperation.m */ = {isa = PBXFileReference; fileEncoding = 4; lastKnownFileType = sourcecode.c.objc; path = AFURLConnectionOperation.m; sourceTree = "<group>"; };
		3EACE3EE195E2CF30023EF58 /* AFURLRequestSerialization.h */ = {isa = PBXFileReference; fileEncoding = 4; lastKnownFileType = sourcecode.c.h; path = AFURLRequestSerialization.h; sourceTree = "<group>"; };
		3EACE3EF195E2CF30023EF58 /* AFURLRequestSerialization.m */ = {isa = PBXFileReference; fileEncoding = 4; lastKnownFileType = sourcecode.c.objc; path = AFURLRequestSerialization.m; sourceTree = "<group>"; };
		3EACE3F0195E2CF30023EF58 /* AFURLResponseSerialization.h */ = {isa = PBXFileReference; fileEncoding = 4; lastKnownFileType = sourcecode.c.h; path = AFURLResponseSerialization.h; sourceTree = "<group>"; };
		3EACE3F1195E2CF30023EF58 /* AFURLResponseSerialization.m */ = {isa = PBXFileReference; fileEncoding = 4; lastKnownFileType = sourcecode.c.objc; path = AFURLResponseSerialization.m; sourceTree = "<group>"; };
		3EACE3F2195E2CF30023EF58 /* AFURLSessionManager.h */ = {isa = PBXFileReference; fileEncoding = 4; lastKnownFileType = sourcecode.c.h; path = AFURLSessionManager.h; sourceTree = "<group>"; };
		3EACE3F3195E2CF30023EF58 /* AFURLSessionManager.m */ = {isa = PBXFileReference; fileEncoding = 4; lastKnownFileType = sourcecode.c.objc; path = AFURLSessionManager.m; sourceTree = "<group>"; };
		3EACE3FD195E2E4B0023EF58 /* SDWebImage.framework */ = {isa = PBXFileReference; lastKnownFileType = wrapper.framework; name = SDWebImage.framework; path = Frenvent/frameworks/SDWebImage.framework; sourceTree = "<group>"; };
		3EACE3FF195E37FB0023EF58 /* Constants.h */ = {isa = PBXFileReference; fileEncoding = 4; lastKnownFileType = sourcecode.c.h; path = Constants.h; sourceTree = "<group>"; };
		3EACE400195E37FB0023EF58 /* Constants.m */ = {isa = PBXFileReference; fileEncoding = 4; lastKnownFileType = sourcecode.c.objc; path = Constants.m; sourceTree = "<group>"; };
/* End PBXFileReference section */

/* Begin PBXFrameworksBuildPhase section */
		3E57FB241959517200D3293D /* Frameworks */ = {
			isa = PBXFrameworksBuildPhase;
			buildActionMask = 2147483647;
			files = (
				3EACE3FE195E2E4B0023EF58 /* SDWebImage.framework in Frameworks */,
				3EACE3DE195E0E530023EF58 /* QuartzCore.framework in Frameworks */,
				3EACE3DC195E0E210023EF58 /* CoreLocation.framework in Frameworks */,
				3EACE3DA195E0E170023EF58 /* ImageIO.framework in Frameworks */,
				3EACE3D8195E0E0F0023EF58 /* MapKit.framework in Frameworks */,
				3E57FB641959555400D3293D /* Bolts.framework in Frameworks */,
				3E57FB651959555400D3293D /* FacebookSDK.framework in Frameworks */,
				3E57FB2D1959517200D3293D /* CoreGraphics.framework in Frameworks */,
				3E57FB311959517200D3293D /* CoreData.framework in Frameworks */,
				3E57FB2F1959517200D3293D /* UIKit.framework in Frameworks */,
				3E57FB2B1959517200D3293D /* Foundation.framework in Frameworks */,
			);
			runOnlyForDeploymentPostprocessing = 0;
		};
		3E57FB441959517200D3293D /* Frameworks */ = {
			isa = PBXFrameworksBuildPhase;
			buildActionMask = 2147483647;
			files = (
				3E57FB491959517200D3293D /* XCTest.framework in Frameworks */,
				3E57FB4C1959517200D3293D /* CoreData.framework in Frameworks */,
				3E57FB4B1959517200D3293D /* UIKit.framework in Frameworks */,
				3E57FB4A1959517200D3293D /* Foundation.framework in Frameworks */,
			);
			runOnlyForDeploymentPostprocessing = 0;
		};
/* End PBXFrameworksBuildPhase section */

/* Begin PBXGroup section */
		3E57FB1E1959517200D3293D = {
			isa = PBXGroup;
			children = (
				3E57FB321959517200D3293D /* Frenvent */,
				3E57FB4F1959517200D3293D /* FrenventTests */,
				3E57FB291959517200D3293D /* Frameworks */,
				3E57FB281959517200D3293D /* Products */,
			);
			sourceTree = "<group>";
		};
		3E57FB281959517200D3293D /* Products */ = {
			isa = PBXGroup;
			children = (
				3E57FB271959517200D3293D /* Frenvent.app */,
				3E57FB471959517200D3293D /* FrenventTests.xctest */,
			);
			name = Products;
			sourceTree = "<group>";
		};
		3E57FB291959517200D3293D /* Frameworks */ = {
			isa = PBXGroup;
			children = (
				3EACE3FD195E2E4B0023EF58 /* SDWebImage.framework */,
				3EACE3DD195E0E530023EF58 /* QuartzCore.framework */,
				3EACE3DB195E0E210023EF58 /* CoreLocation.framework */,
				3EACE3D9195E0E170023EF58 /* ImageIO.framework */,
				3EACE3D7195E0E0F0023EF58 /* MapKit.framework */,
				3E57FB621959555400D3293D /* Bolts.framework */,
				3E57FB631959555400D3293D /* FacebookSDK.framework */,
				3E57FB2A1959517200D3293D /* Foundation.framework */,
				3E57FB2C1959517200D3293D /* CoreGraphics.framework */,
				3E57FB2E1959517200D3293D /* UIKit.framework */,
				3E57FB301959517200D3293D /* CoreData.framework */,
				3E57FB481959517200D3293D /* XCTest.framework */,
			);
			name = Frameworks;
			sourceTree = "<group>";
		};
		3E57FB321959517200D3293D /* Frenvent */ = {
			isa = PBXGroup;
			children = (
				3EACE3DF195E2CD90023EF58 /* Libs */,
				3EACE3D3195DFAA50023EF58 /* ViewControllers */,
				3E57FB61195952FD00D3293D /* CoreDatas */,
				3E57FB5F195952CC00D3293D /* Supports */,
				3EACE3D1195D74BC0023EF58 /* Main.storyboard */,
				3E57FB331959517200D3293D /* Supporting Files */,
			);
			path = Frenvent;
			sourceTree = "<group>";
		};
		3E57FB331959517200D3293D /* Supporting Files */ = {
			isa = PBXGroup;
			children = (
				3E57FB411959517200D3293D /* Images.xcassets */,
				3E57FB3E1959517200D3293D /* Frenvent.xcdatamodeld */,
				3E57FB3B1959517200D3293D /* AppDelegate.h */,
				3E57FB3C1959517200D3293D /* AppDelegate.m */,
				3E57FB341959517200D3293D /* Frenvent-Info.plist */,
				3E57FB351959517200D3293D /* InfoPlist.strings */,
				3E57FB381959517200D3293D /* main.m */,
				3E57FB3A1959517200D3293D /* Frenvent-Prefix.pch */,
			);
			name = "Supporting Files";
			sourceTree = "<group>";
		};
		3E57FB4F1959517200D3293D /* FrenventTests */ = {
			isa = PBXGroup;
			children = (
				3E57FB551959517200D3293D /* FrenventTests.m */,
				3E57FB501959517200D3293D /* Supporting Files */,
			);
			path = FrenventTests;
			sourceTree = "<group>";
		};
		3E57FB501959517200D3293D /* Supporting Files */ = {
			isa = PBXGroup;
			children = (
				3E57FB511959517200D3293D /* FrenventTests-Info.plist */,
				3E57FB521959517200D3293D /* InfoPlist.strings */,
			);
			name = "Supporting Files";
			sourceTree = "<group>";
		};
		3E57FB5F195952CC00D3293D /* Supports */ = {
			isa = PBXGroup;
			children = (
				3E57FB661959587400D3293D /* TimeSupport.h */,
				3E57FB671959587400D3293D /* TimeSupport.m */,
				3EACE3FF195E37FB0023EF58 /* Constants.h */,
				3EACE400195E37FB0023EF58 /* Constants.m */,
			);
			name = Supports;
			sourceTree = "<group>";
		};
		3E57FB61195952FD00D3293D /* CoreDatas */ = {
			isa = PBXGroup;
			children = (
				3EACE38A195A5D6E0023EF58 /* Objects */,
				3EACE381195A45E90023EF58 /* EventCoreData.h */,
				3EACE382195A45E90023EF58 /* EventCoreData.m */,
				3EACE3CB195C08CA0023EF58 /* FriendToEventCoreData.h */,
				3EACE3CC195C08CA0023EF58 /* FriendToEventCoreData.m */,
				3EACE3CE195CA1EE0023EF58 /* FriendCoreData.h */,
				3EACE3CF195CA1EE0023EF58 /* FriendCoreData.m */,
			);
			name = CoreDatas;
			sourceTree = "<group>";
		};
		3EACE38A195A5D6E0023EF58 /* Objects */ = {
			isa = PBXGroup;
			children = (
				3EACE3C8195C03C80023EF58 /* Event.h */,
				3EACE3C9195C03C80023EF58 /* Event.m */,
				3EACE3C5195C03C80023EF58 /* FriendToEvent.h */,
				3EACE3C6195C03C80023EF58 /* FriendToEvent.m */,
				3EACE3C2195C03C80023EF58 /* Friend.h */,
				3EACE3C3195C03C80023EF58 /* Friend.m */,
			);
			name = Objects;
			sourceTree = "<group>";
		};
		3EACE3D3195DFAA50023EF58 /* ViewControllers */ = {
			isa = PBXGroup;
			children = (
				3EACE3D4195DFB2D0023EF58 /* LoginViewController.h */,
				3EACE3D5195DFB2D0023EF58 /* LoginViewController.m */,
			);
			name = ViewControllers;
			sourceTree = "<group>";
		};
		3EACE3DF195E2CD90023EF58 /* Libs */ = {
			isa = PBXGroup;
			children = (
				3EACE3E0195E2CF20023EF58 /* AFNetworking */,
			);
			name = Libs;
			sourceTree = "<group>";
		};
		3EACE3E0195E2CF20023EF58 /* AFNetworking */ = {
			isa = PBXGroup;
			children = (
				3EACE3E1195E2CF30023EF58 /* AFHTTPRequestOperation.h */,
				3EACE3E2195E2CF30023EF58 /* AFHTTPRequestOperation.m */,
				3EACE3E3195E2CF30023EF58 /* AFHTTPRequestOperationManager.h */,
				3EACE3E4195E2CF30023EF58 /* AFHTTPRequestOperationManager.m */,
				3EACE3E5195E2CF30023EF58 /* AFHTTPSessionManager.h */,
				3EACE3E6195E2CF30023EF58 /* AFHTTPSessionManager.m */,
				3EACE3E7195E2CF30023EF58 /* AFNetworking.h */,
				3EACE3E8195E2CF30023EF58 /* AFNetworkReachabilityManager.h */,
				3EACE3E9195E2CF30023EF58 /* AFNetworkReachabilityManager.m */,
				3EACE3EA195E2CF30023EF58 /* AFSecurityPolicy.h */,
				3EACE3EB195E2CF30023EF58 /* AFSecurityPolicy.m */,
				3EACE3EC195E2CF30023EF58 /* AFURLConnectionOperation.h */,
				3EACE3ED195E2CF30023EF58 /* AFURLConnectionOperation.m */,
				3EACE3EE195E2CF30023EF58 /* AFURLRequestSerialization.h */,
				3EACE3EF195E2CF30023EF58 /* AFURLRequestSerialization.m */,
				3EACE3F0195E2CF30023EF58 /* AFURLResponseSerialization.h */,
				3EACE3F1195E2CF30023EF58 /* AFURLResponseSerialization.m */,
				3EACE3F2195E2CF30023EF58 /* AFURLSessionManager.h */,
				3EACE3F3195E2CF30023EF58 /* AFURLSessionManager.m */,
			);
			name = AFNetworking;
			path = Libs/AFNetworking;
			sourceTree = "<group>";
		};
/* End PBXGroup section */

/* Begin PBXNativeTarget section */
		3E57FB261959517200D3293D /* Frenvent */ = {
			isa = PBXNativeTarget;
			buildConfigurationList = 3E57FB591959517200D3293D /* Build configuration list for PBXNativeTarget "Frenvent" */;
			buildPhases = (
				3E57FB231959517200D3293D /* Sources */,
				3E57FB241959517200D3293D /* Frameworks */,
				3E57FB251959517200D3293D /* Resources */,
			);
			buildRules = (
			);
			dependencies = (
			);
			name = Frenvent;
			productName = Frenvent;
			productReference = 3E57FB271959517200D3293D /* Frenvent.app */;
			productType = "com.apple.product-type.application";
		};
		3E57FB461959517200D3293D /* FrenventTests */ = {
			isa = PBXNativeTarget;
			buildConfigurationList = 3E57FB5C1959517200D3293D /* Build configuration list for PBXNativeTarget "FrenventTests" */;
			buildPhases = (
				3E57FB431959517200D3293D /* Sources */,
				3E57FB441959517200D3293D /* Frameworks */,
				3E57FB451959517200D3293D /* Resources */,
			);
			buildRules = (
			);
			dependencies = (
				3E57FB4E1959517200D3293D /* PBXTargetDependency */,
			);
			name = FrenventTests;
			productName = FrenventTests;
			productReference = 3E57FB471959517200D3293D /* FrenventTests.xctest */;
			productType = "com.apple.product-type.bundle.unit-test";
		};
/* End PBXNativeTarget section */

/* Begin PBXProject section */
		3E57FB1F1959517200D3293D /* Project object */ = {
			isa = PBXProject;
			attributes = {
				LastUpgradeCheck = 0510;
				ORGANIZATIONNAME = Frenvent;
				TargetAttributes = {
					3E57FB461959517200D3293D = {
						TestTargetID = 3E57FB261959517200D3293D;
					};
				};
			};
			buildConfigurationList = 3E57FB221959517200D3293D /* Build configuration list for PBXProject "Frenvent" */;
			compatibilityVersion = "Xcode 3.2";
			developmentRegion = English;
			hasScannedForEncodings = 0;
			knownRegions = (
				en,
			);
			mainGroup = 3E57FB1E1959517200D3293D;
			productRefGroup = 3E57FB281959517200D3293D /* Products */;
			projectDirPath = "";
			projectRoot = "";
			targets = (
				3E57FB261959517200D3293D /* Frenvent */,
				3E57FB461959517200D3293D /* FrenventTests */,
			);
		};
/* End PBXProject section */

/* Begin PBXResourcesBuildPhase section */
		3E57FB251959517200D3293D /* Resources */ = {
			isa = PBXResourcesBuildPhase;
			buildActionMask = 2147483647;
			files = (
				3EACE3D2195D74BC0023EF58 /* Main.storyboard in Resources */,
				3E57FB371959517200D3293D /* InfoPlist.strings in Resources */,
				3E57FB421959517200D3293D /* Images.xcassets in Resources */,
			);
			runOnlyForDeploymentPostprocessing = 0;
		};
		3E57FB451959517200D3293D /* Resources */ = {
			isa = PBXResourcesBuildPhase;
			buildActionMask = 2147483647;
			files = (
				3E57FB541959517200D3293D /* InfoPlist.strings in Resources */,
			);
			runOnlyForDeploymentPostprocessing = 0;
		};
/* End PBXResourcesBuildPhase section */

/* Begin PBXSourcesBuildPhase section */
		3E57FB231959517200D3293D /* Sources */ = {
			isa = PBXSourcesBuildPhase;
			buildActionMask = 2147483647;
			files = (
				3EACE3F4195E2CF30023EF58 /* AFHTTPRequestOperation.m in Sources */,
				3EACE383195A45E90023EF58 /* EventCoreData.m in Sources */,
				3E57FB681959587400D3293D /* TimeSupport.m in Sources */,
				3E57FB401959517200D3293D /* Frenvent.xcdatamodeld in Sources */,
				3EACE3C4195C03C80023EF58 /* Friend.m in Sources */,
				3EACE401195E37FB0023EF58 /* Constants.m in Sources */,
				3EACE3FC195E2CF30023EF58 /* AFURLSessionManager.m in Sources */,
				3EACE3F6195E2CF30023EF58 /* AFHTTPSessionManager.m in Sources */,
				3EACE3CA195C03C80023EF58 /* Event.m in Sources */,
				3EACE3F7195E2CF30023EF58 /* AFNetworkReachabilityManager.m in Sources */,
				3E57FB3D1959517200D3293D /* AppDelegate.m in Sources */,
				3EACE3FB195E2CF30023EF58 /* AFURLResponseSerialization.m in Sources */,
				3EACE3FA195E2CF30023EF58 /* AFURLRequestSerialization.m in Sources */,
				3EACE3F9195E2CF30023EF58 /* AFURLConnectionOperation.m in Sources */,
				3EACE3F5195E2CF30023EF58 /* AFHTTPRequestOperationManager.m in Sources */,
				3EACE3CD195C08CA0023EF58 /* FriendToEventCoreData.m in Sources */,
				3EACE3C7195C03C80023EF58 /* FriendToEvent.m in Sources */,
				3EACE3F8195E2CF30023EF58 /* AFSecurityPolicy.m in Sources */,
				3EACE3D0195CA1EE0023EF58 /* FriendCoreData.m in Sources */,
				3EACE3D6195DFB2D0023EF58 /* LoginViewController.m in Sources */,
				3E57FB391959517200D3293D /* main.m in Sources */,
			);
			runOnlyForDeploymentPostprocessing = 0;
		};
		3E57FB431959517200D3293D /* Sources */ = {
			isa = PBXSourcesBuildPhase;
			buildActionMask = 2147483647;
			files = (
				3E57FB561959517200D3293D /* FrenventTests.m in Sources */,
			);
			runOnlyForDeploymentPostprocessing = 0;
		};
/* End PBXSourcesBuildPhase section */

/* Begin PBXTargetDependency section */
		3E57FB4E1959517200D3293D /* PBXTargetDependency */ = {
			isa = PBXTargetDependency;
			target = 3E57FB261959517200D3293D /* Frenvent */;
			targetProxy = 3E57FB4D1959517200D3293D /* PBXContainerItemProxy */;
		};
/* End PBXTargetDependency section */

/* Begin PBXVariantGroup section */
		3E57FB351959517200D3293D /* InfoPlist.strings */ = {
			isa = PBXVariantGroup;
			children = (
				3E57FB361959517200D3293D /* en */,
			);
			name = InfoPlist.strings;
			sourceTree = "<group>";
		};
		3E57FB521959517200D3293D /* InfoPlist.strings */ = {
			isa = PBXVariantGroup;
			children = (
				3E57FB531959517200D3293D /* en */,
			);
			name = InfoPlist.strings;
			sourceTree = "<group>";
		};
/* End PBXVariantGroup section */

/* Begin XCBuildConfiguration section */
		3E57FB571959517200D3293D /* Debug */ = {
			isa = XCBuildConfiguration;
			buildSettings = {
				ALWAYS_SEARCH_USER_PATHS = NO;
				CLANG_CXX_LANGUAGE_STANDARD = "gnu++0x";
				CLANG_CXX_LIBRARY = "libc++";
				CLANG_ENABLE_MODULES = YES;
				CLANG_ENABLE_OBJC_ARC = YES;
				CLANG_WARN_BOOL_CONVERSION = YES;
				CLANG_WARN_CONSTANT_CONVERSION = YES;
				CLANG_WARN_DIRECT_OBJC_ISA_USAGE = YES_ERROR;
				CLANG_WARN_EMPTY_BODY = YES;
				CLANG_WARN_ENUM_CONVERSION = YES;
				CLANG_WARN_INT_CONVERSION = YES;
				CLANG_WARN_OBJC_ROOT_CLASS = YES_ERROR;
				CLANG_WARN__DUPLICATE_METHOD_MATCH = YES;
				"CODE_SIGN_IDENTITY[sdk=iphoneos*]" = "iPhone Developer";
				COPY_PHASE_STRIP = NO;
				GCC_C_LANGUAGE_STANDARD = gnu99;
				GCC_DYNAMIC_NO_PIC = NO;
				GCC_OPTIMIZATION_LEVEL = 0;
				GCC_PREPROCESSOR_DEFINITIONS = (
					"DEBUG=1",
					"$(inherited)",
				);
				GCC_SYMBOLS_PRIVATE_EXTERN = NO;
				GCC_WARN_64_TO_32_BIT_CONVERSION = YES;
				GCC_WARN_ABOUT_RETURN_TYPE = YES_ERROR;
				GCC_WARN_UNDECLARED_SELECTOR = YES;
				GCC_WARN_UNINITIALIZED_AUTOS = YES_AGGRESSIVE;
				GCC_WARN_UNUSED_FUNCTION = YES;
				GCC_WARN_UNUSED_VARIABLE = YES;
				IPHONEOS_DEPLOYMENT_TARGET = 7.1;
				ONLY_ACTIVE_ARCH = YES;
				SDKROOT = iphoneos;
			};
			name = Debug;
		};
		3E57FB581959517200D3293D /* Release */ = {
			isa = XCBuildConfiguration;
			buildSettings = {
				ALWAYS_SEARCH_USER_PATHS = NO;
				CLANG_CXX_LANGUAGE_STANDARD = "gnu++0x";
				CLANG_CXX_LIBRARY = "libc++";
				CLANG_ENABLE_MODULES = YES;
				CLANG_ENABLE_OBJC_ARC = YES;
				CLANG_WARN_BOOL_CONVERSION = YES;
				CLANG_WARN_CONSTANT_CONVERSION = YES;
				CLANG_WARN_DIRECT_OBJC_ISA_USAGE = YES_ERROR;
				CLANG_WARN_EMPTY_BODY = YES;
				CLANG_WARN_ENUM_CONVERSION = YES;
				CLANG_WARN_INT_CONVERSION = YES;
				CLANG_WARN_OBJC_ROOT_CLASS = YES_ERROR;
				CLANG_WARN__DUPLICATE_METHOD_MATCH = YES;
				"CODE_SIGN_IDENTITY[sdk=iphoneos*]" = "iPhone Developer";
				COPY_PHASE_STRIP = YES;
				ENABLE_NS_ASSERTIONS = NO;
				GCC_C_LANGUAGE_STANDARD = gnu99;
				GCC_WARN_64_TO_32_BIT_CONVERSION = YES;
				GCC_WARN_ABOUT_RETURN_TYPE = YES_ERROR;
				GCC_WARN_UNDECLARED_SELECTOR = YES;
				GCC_WARN_UNINITIALIZED_AUTOS = YES_AGGRESSIVE;
				GCC_WARN_UNUSED_FUNCTION = YES;
				GCC_WARN_UNUSED_VARIABLE = YES;
				IPHONEOS_DEPLOYMENT_TARGET = 7.1;
				SDKROOT = iphoneos;
				VALIDATE_PRODUCT = YES;
			};
			name = Release;
		};
		3E57FB5A1959517200D3293D /* Debug */ = {
			isa = XCBuildConfiguration;
			buildSettings = {
				ASSETCATALOG_COMPILER_APPICON_NAME = AppIcon;
				ASSETCATALOG_COMPILER_LAUNCHIMAGE_NAME = LaunchImage;
				FRAMEWORK_SEARCH_PATHS = (
					"$(inherited)",
					"$(PROJECT_DIR)/Frenvent/frameworks",
				);
				GCC_PRECOMPILE_PREFIX_HEADER = YES;
				GCC_PREFIX_HEADER = "Frenvent/Frenvent-Prefix.pch";
				INFOPLIST_FILE = "Frenvent/Frenvent-Info.plist";
				IPHONEOS_DEPLOYMENT_TARGET = 6.0;
				PRODUCT_NAME = "$(TARGET_NAME)";
				WRAPPER_EXTENSION = app;
			};
			name = Debug;
		};
		3E57FB5B1959517200D3293D /* Release */ = {
			isa = XCBuildConfiguration;
			buildSettings = {
				ASSETCATALOG_COMPILER_APPICON_NAME = AppIcon;
				ASSETCATALOG_COMPILER_LAUNCHIMAGE_NAME = LaunchImage;
				FRAMEWORK_SEARCH_PATHS = (
					"$(inherited)",
					"$(PROJECT_DIR)/Frenvent/frameworks",
				);
				GCC_PRECOMPILE_PREFIX_HEADER = YES;
				GCC_PREFIX_HEADER = "Frenvent/Frenvent-Prefix.pch";
				INFOPLIST_FILE = "Frenvent/Frenvent-Info.plist";
				IPHONEOS_DEPLOYMENT_TARGET = 6.0;
				PRODUCT_NAME = "$(TARGET_NAME)";
				WRAPPER_EXTENSION = app;
			};
			name = Release;
		};
		3E57FB5D1959517200D3293D /* Debug */ = {
			isa = XCBuildConfiguration;
			buildSettings = {
				BUNDLE_LOADER = "$(BUILT_PRODUCTS_DIR)/Frenvent.app/Frenvent";
				FRAMEWORK_SEARCH_PATHS = (
					"$(SDKROOT)/Developer/Library/Frameworks",
					"$(inherited)",
					"$(DEVELOPER_FRAMEWORKS_DIR)",
				);
				GCC_PRECOMPILE_PREFIX_HEADER = YES;
				GCC_PREFIX_HEADER = "Frenvent/Frenvent-Prefix.pch";
				GCC_PREPROCESSOR_DEFINITIONS = (
					"DEBUG=1",
					"$(inherited)",
				);
				INFOPLIST_FILE = "FrenventTests/FrenventTests-Info.plist";
				PRODUCT_NAME = "$(TARGET_NAME)";
				TEST_HOST = "$(BUNDLE_LOADER)";
				WRAPPER_EXTENSION = xctest;
			};
			name = Debug;
		};
		3E57FB5E1959517200D3293D /* Release */ = {
			isa = XCBuildConfiguration;
			buildSettings = {
				BUNDLE_LOADER = "$(BUILT_PRODUCTS_DIR)/Frenvent.app/Frenvent";
				FRAMEWORK_SEARCH_PATHS = (
					"$(SDKROOT)/Developer/Library/Frameworks",
					"$(inherited)",
					"$(DEVELOPER_FRAMEWORKS_DIR)",
				);
				GCC_PRECOMPILE_PREFIX_HEADER = YES;
				GCC_PREFIX_HEADER = "Frenvent/Frenvent-Prefix.pch";
				INFOPLIST_FILE = "FrenventTests/FrenventTests-Info.plist";
				PRODUCT_NAME = "$(TARGET_NAME)";
				TEST_HOST = "$(BUNDLE_LOADER)";
				WRAPPER_EXTENSION = xctest;
			};
			name = Release;
		};
/* End XCBuildConfiguration section */

/* Begin XCConfigurationList section */
		3E57FB221959517200D3293D /* Build configuration list for PBXProject "Frenvent" */ = {
			isa = XCConfigurationList;
			buildConfigurations = (
				3E57FB571959517200D3293D /* Debug */,
				3E57FB581959517200D3293D /* Release */,
			);
			defaultConfigurationIsVisible = 0;
			defaultConfigurationName = Release;
		};
		3E57FB591959517200D3293D /* Build configuration list for PBXNativeTarget "Frenvent" */ = {
			isa = XCConfigurationList;
			buildConfigurations = (
				3E57FB5A1959517200D3293D /* Debug */,
				3E57FB5B1959517200D3293D /* Release */,
			);
			defaultConfigurationIsVisible = 0;
			defaultConfigurationName = Release;
		};
		3E57FB5C1959517200D3293D /* Build configuration list for PBXNativeTarget "FrenventTests" */ = {
			isa = XCConfigurationList;
			buildConfigurations = (
				3E57FB5D1959517200D3293D /* Debug */,
				3E57FB5E1959517200D3293D /* Release */,
			);
			defaultConfigurationIsVisible = 0;
			defaultConfigurationName = Release;
		};
/* End XCConfigurationList section */

/* Begin XCVersionGroup section */
		3E57FB3E1959517200D3293D /* Frenvent.xcdatamodeld */ = {
			isa = XCVersionGroup;
			children = (
				3E57FB3F1959517200D3293D /* Frenvent.xcdatamodel */,
			);
			currentVersion = 3E57FB3F1959517200D3293D /* Frenvent.xcdatamodel */;
			path = Frenvent.xcdatamodeld;
			sourceTree = "<group>";
			versionGroupType = wrapper.xcdatamodel;
		};
/* End XCVersionGroup section */
	};
	rootObject = 3E57FB1F1959517200D3293D /* Project object */;
}
