// !$*UTF8*$!
{
	archiveVersion = 1;
	classes = {
	};
	objectVersion = 46;
	objects = {

/* Begin PBXBuildFile section */
		3EC5351E194A8D92000FDF2A /* MyFbEvent.swift in Sources */ = {isa = PBXBuildFile; fileRef = 3EC5351D194A8D92000FDF2A /* MyFbEvent.swift */; };
		3EC53520194A8E44000FDF2A /* Attendee.swift in Sources */ = {isa = PBXBuildFile; fileRef = 3EC5351F194A8E44000FDF2A /* Attendee.swift */; };
		3EC53522194A9012000FDF2A /* FriendFbEvent.swift in Sources */ = {isa = PBXBuildFile; fileRef = 3EC53521194A9012000FDF2A /* FriendFbEvent.swift */; };
		3EFF5CF81946F08B00270E24 /* AppDelegate.swift in Sources */ = {isa = PBXBuildFile; fileRef = 3EFF5CF71946F08B00270E24 /* AppDelegate.swift */; };
		3EFF5CFA1946F08B00270E24 /* FirstViewController.swift in Sources */ = {isa = PBXBuildFile; fileRef = 3EFF5CF91946F08B00270E24 /* FirstViewController.swift */; };
		3EFF5CFC1946F08B00270E24 /* SecondViewController.swift in Sources */ = {isa = PBXBuildFile; fileRef = 3EFF5CFB1946F08B00270E24 /* SecondViewController.swift */; };
		3EFF5CFF1946F08B00270E24 /* Main.storyboard in Resources */ = {isa = PBXBuildFile; fileRef = 3EFF5CFD1946F08B00270E24 /* Main.storyboard */; };
		3EFF5D011946F08B00270E24 /* Images.xcassets in Resources */ = {isa = PBXBuildFile; fileRef = 3EFF5D001946F08B00270E24 /* Images.xcassets */; };
		3EFF5D0D1946F08B00270E24 /* frenventTests.swift in Sources */ = {isa = PBXBuildFile; fileRef = 3EFF5D0C1946F08B00270E24 /* frenventTests.swift */; };
		3EFF5D181946F33D00270E24 /* FbEvent.swift in Sources */ = {isa = PBXBuildFile; fileRef = 3EFF5D171946F33D00270E24 /* FbEvent.swift */; };
		3EFF5D1B1947E84300270E24 /* TimeSupport.swift in Sources */ = {isa = PBXBuildFile; fileRef = 3EFF5D1A1947E84300270E24 /* TimeSupport.swift */; };
/* End PBXBuildFile section */

/* Begin PBXContainerItemProxy section */
		3EFF5D071946F08B00270E24 /* PBXContainerItemProxy */ = {
			isa = PBXContainerItemProxy;
			containerPortal = 3EFF5CEA1946F08B00270E24 /* Project object */;
			proxyType = 1;
			remoteGlobalIDString = 3EFF5CF11946F08B00270E24;
			remoteInfo = frenvent;
		};
/* End PBXContainerItemProxy section */

/* Begin PBXFileReference section */
		3EC5351D194A8D92000FDF2A /* MyFbEvent.swift */ = {isa = PBXFileReference; fileEncoding = 4; lastKnownFileType = sourcecode.swift; name = MyFbEvent.swift; path = Objects/MyFbEvent.swift; sourceTree = "<group>"; };
		3EC5351F194A8E44000FDF2A /* Attendee.swift */ = {isa = PBXFileReference; fileEncoding = 4; lastKnownFileType = sourcecode.swift; name = Attendee.swift; path = Objects/Attendee.swift; sourceTree = "<group>"; };
		3EC53521194A9012000FDF2A /* FriendFbEvent.swift */ = {isa = PBXFileReference; fileEncoding = 4; lastKnownFileType = sourcecode.swift; name = FriendFbEvent.swift; path = Objects/FriendFbEvent.swift; sourceTree = "<group>"; };
		3EFF5CF21946F08B00270E24 /* frenvent.app */ = {isa = PBXFileReference; explicitFileType = wrapper.application; includeInIndex = 0; path = frenvent.app; sourceTree = BUILT_PRODUCTS_DIR; };
		3EFF5CF61946F08B00270E24 /* Info.plist */ = {isa = PBXFileReference; lastKnownFileType = text.plist.xml; path = Info.plist; sourceTree = "<group>"; };
		3EFF5CF71946F08B00270E24 /* AppDelegate.swift */ = {isa = PBXFileReference; lastKnownFileType = sourcecode.swift; path = AppDelegate.swift; sourceTree = "<group>"; };
		3EFF5CF91946F08B00270E24 /* FirstViewController.swift */ = {isa = PBXFileReference; lastKnownFileType = sourcecode.swift; path = FirstViewController.swift; sourceTree = "<group>"; };
		3EFF5CFB1946F08B00270E24 /* SecondViewController.swift */ = {isa = PBXFileReference; lastKnownFileType = sourcecode.swift; path = SecondViewController.swift; sourceTree = "<group>"; };
		3EFF5CFE1946F08B00270E24 /* Base */ = {isa = PBXFileReference; lastKnownFileType = file.storyboard; name = Base; path = Base.lproj/Main.storyboard; sourceTree = "<group>"; };
		3EFF5D001946F08B00270E24 /* Images.xcassets */ = {isa = PBXFileReference; lastKnownFileType = folder.assetcatalog; path = Images.xcassets; sourceTree = "<group>"; };
		3EFF5D061946F08B00270E24 /* frenventTests.xctest */ = {isa = PBXFileReference; explicitFileType = wrapper.cfbundle; includeInIndex = 0; path = frenventTests.xctest; sourceTree = BUILT_PRODUCTS_DIR; };
		3EFF5D0B1946F08B00270E24 /* Info.plist */ = {isa = PBXFileReference; lastKnownFileType = text.plist.xml; path = Info.plist; sourceTree = "<group>"; };
		3EFF5D0C1946F08B00270E24 /* frenventTests.swift */ = {isa = PBXFileReference; lastKnownFileType = sourcecode.swift; path = frenventTests.swift; sourceTree = "<group>"; };
		3EFF5D171946F33D00270E24 /* FbEvent.swift */ = {isa = PBXFileReference; fileEncoding = 4; lastKnownFileType = sourcecode.swift; name = FbEvent.swift; path = Objects/FbEvent.swift; sourceTree = "<group>"; };
		3EFF5D1A1947E84300270E24 /* TimeSupport.swift */ = {isa = PBXFileReference; fileEncoding = 4; lastKnownFileType = sourcecode.swift; name = TimeSupport.swift; path = Supports/TimeSupport.swift; sourceTree = "<group>"; };
/* End PBXFileReference section */

/* Begin PBXFrameworksBuildPhase section */
		3EFF5CEF1946F08B00270E24 /* Frameworks */ = {
			isa = PBXFrameworksBuildPhase;
			buildActionMask = 2147483647;
			files = (
			);
			runOnlyForDeploymentPostprocessing = 0;
		};
		3EFF5D031946F08B00270E24 /* Frameworks */ = {
			isa = PBXFrameworksBuildPhase;
			buildActionMask = 2147483647;
			files = (
			);
			runOnlyForDeploymentPostprocessing = 0;
		};
/* End PBXFrameworksBuildPhase section */

/* Begin PBXGroup section */
		3EFF5CE91946F08B00270E24 = {
			isa = PBXGroup;
			children = (
				3EFF5CF41946F08B00270E24 /* frenvent */,
				3EFF5D091946F08B00270E24 /* frenventTests */,
				3EFF5CF31946F08B00270E24 /* Products */,
			);
			sourceTree = "<group>";
		};
		3EFF5CF31946F08B00270E24 /* Products */ = {
			isa = PBXGroup;
			children = (
				3EFF5CF21946F08B00270E24 /* frenvent.app */,
				3EFF5D061946F08B00270E24 /* frenventTests.xctest */,
			);
			name = Products;
			sourceTree = "<group>";
		};
		3EFF5CF41946F08B00270E24 /* frenvent */ = {
			isa = PBXGroup;
			children = (
				3EFF5D191947E7AC00270E24 /* Supports */,
				3EFF5D161946F2FF00270E24 /* Objects */,
				3EFF5CF71946F08B00270E24 /* AppDelegate.swift */,
				3EFF5CF91946F08B00270E24 /* FirstViewController.swift */,
				3EFF5CFB1946F08B00270E24 /* SecondViewController.swift */,
				3EFF5CFD1946F08B00270E24 /* Main.storyboard */,
				3EFF5D001946F08B00270E24 /* Images.xcassets */,
				3EFF5CF51946F08B00270E24 /* Supporting Files */,
			);
			path = frenvent;
			sourceTree = "<group>";
		};
		3EFF5CF51946F08B00270E24 /* Supporting Files */ = {
			isa = PBXGroup;
			children = (
				3EFF5CF61946F08B00270E24 /* Info.plist */,
			);
			name = "Supporting Files";
			sourceTree = "<group>";
		};
		3EFF5D091946F08B00270E24 /* frenventTests */ = {
			isa = PBXGroup;
			children = (
				3EFF5D0C1946F08B00270E24 /* frenventTests.swift */,
				3EFF5D0A1946F08B00270E24 /* Supporting Files */,
			);
			path = frenventTests;
			sourceTree = "<group>";
		};
		3EFF5D0A1946F08B00270E24 /* Supporting Files */ = {
			isa = PBXGroup;
			children = (
				3EFF5D0B1946F08B00270E24 /* Info.plist */,
			);
			name = "Supporting Files";
			sourceTree = "<group>";
		};
		3EFF5D161946F2FF00270E24 /* Objects */ = {
			isa = PBXGroup;
			children = (
				3EFF5D171946F33D00270E24 /* FbEvent.swift */,
				3EC5351D194A8D92000FDF2A /* MyFbEvent.swift */,
				3EC5351F194A8E44000FDF2A /* Attendee.swift */,
				3EC53521194A9012000FDF2A /* FriendFbEvent.swift */,
			);
			name = Objects;
			sourceTree = "<group>";
		};
		3EFF5D191947E7AC00270E24 /* Supports */ = {
			isa = PBXGroup;
			children = (
				3EFF5D1A1947E84300270E24 /* TimeSupport.swift */,
			);
			name = Supports;
			sourceTree = "<group>";
		};
/* End PBXGroup section */

/* Begin PBXNativeTarget section */
		3EFF5CF11946F08B00270E24 /* frenvent */ = {
			isa = PBXNativeTarget;
			buildConfigurationList = 3EFF5D101946F08B00270E24 /* Build configuration list for PBXNativeTarget "frenvent" */;
			buildPhases = (
				3EFF5CEE1946F08B00270E24 /* Sources */,
				3EFF5CEF1946F08B00270E24 /* Frameworks */,
				3EFF5CF01946F08B00270E24 /* Resources */,
			);
			buildRules = (
			);
			dependencies = (
			);
			name = frenvent;
			productName = frenvent;
			productReference = 3EFF5CF21946F08B00270E24 /* frenvent.app */;
			productType = "com.apple.product-type.application";
		};
		3EFF5D051946F08B00270E24 /* frenventTests */ = {
			isa = PBXNativeTarget;
			buildConfigurationList = 3EFF5D131946F08B00270E24 /* Build configuration list for PBXNativeTarget "frenventTests" */;
			buildPhases = (
				3EFF5D021946F08B00270E24 /* Sources */,
				3EFF5D031946F08B00270E24 /* Frameworks */,
				3EFF5D041946F08B00270E24 /* Resources */,
			);
			buildRules = (
			);
			dependencies = (
				3EFF5D081946F08B00270E24 /* PBXTargetDependency */,
			);
			name = frenventTests;
			productName = frenventTests;
			productReference = 3EFF5D061946F08B00270E24 /* frenventTests.xctest */;
			productType = "com.apple.product-type.bundle.unit-test";
		};
/* End PBXNativeTarget section */

/* Begin PBXProject section */
		3EFF5CEA1946F08B00270E24 /* Project object */ = {
			isa = PBXProject;
			attributes = {
				LastUpgradeCheck = 0600;
				ORGANIZATIONNAME = frenvent;
				TargetAttributes = {
					3EFF5CF11946F08B00270E24 = {
						CreatedOnToolsVersion = 6.0;
					};
					3EFF5D051946F08B00270E24 = {
						CreatedOnToolsVersion = 6.0;
						TestTargetID = 3EFF5CF11946F08B00270E24;
					};
				};
			};
			buildConfigurationList = 3EFF5CED1946F08B00270E24 /* Build configuration list for PBXProject "frenvent" */;
			compatibilityVersion = "Xcode 3.2";
			developmentRegion = English;
			hasScannedForEncodings = 0;
			knownRegions = (
				en,
				Base,
			);
			mainGroup = 3EFF5CE91946F08B00270E24;
			productRefGroup = 3EFF5CF31946F08B00270E24 /* Products */;
			projectDirPath = "";
			projectRoot = "";
			targets = (
				3EFF5CF11946F08B00270E24 /* frenvent */,
				3EFF5D051946F08B00270E24 /* frenventTests */,
			);
		};
/* End PBXProject section */

/* Begin PBXResourcesBuildPhase section */
		3EFF5CF01946F08B00270E24 /* Resources */ = {
			isa = PBXResourcesBuildPhase;
			buildActionMask = 2147483647;
			files = (
				3EFF5CFF1946F08B00270E24 /* Main.storyboard in Resources */,
				3EFF5D011946F08B00270E24 /* Images.xcassets in Resources */,
			);
			runOnlyForDeploymentPostprocessing = 0;
		};
		3EFF5D041946F08B00270E24 /* Resources */ = {
			isa = PBXResourcesBuildPhase;
			buildActionMask = 2147483647;
			files = (
			);
			runOnlyForDeploymentPostprocessing = 0;
		};
/* End PBXResourcesBuildPhase section */

/* Begin PBXSourcesBuildPhase section */
		3EFF5CEE1946F08B00270E24 /* Sources */ = {
			isa = PBXSourcesBuildPhase;
			buildActionMask = 2147483647;
			files = (
				3EC53522194A9012000FDF2A /* FriendFbEvent.swift in Sources */,
				3EC5351E194A8D92000FDF2A /* MyFbEvent.swift in Sources */,
				3EFF5CFC1946F08B00270E24 /* SecondViewController.swift in Sources */,
				3EFF5CF81946F08B00270E24 /* AppDelegate.swift in Sources */,
				3EFF5D1B1947E84300270E24 /* TimeSupport.swift in Sources */,
				3EFF5D181946F33D00270E24 /* FbEvent.swift in Sources */,
				3EC53520194A8E44000FDF2A /* Attendee.swift in Sources */,
				3EFF5CFA1946F08B00270E24 /* FirstViewController.swift in Sources */,
			);
			runOnlyForDeploymentPostprocessing = 0;
		};
		3EFF5D021946F08B00270E24 /* Sources */ = {
			isa = PBXSourcesBuildPhase;
			buildActionMask = 2147483647;
			files = (
				3EFF5D0D1946F08B00270E24 /* frenventTests.swift in Sources */,
			);
			runOnlyForDeploymentPostprocessing = 0;
		};
/* End PBXSourcesBuildPhase section */

/* Begin PBXTargetDependency section */
		3EFF5D081946F08B00270E24 /* PBXTargetDependency */ = {
			isa = PBXTargetDependency;
			target = 3EFF5CF11946F08B00270E24 /* frenvent */;
			targetProxy = 3EFF5D071946F08B00270E24 /* PBXContainerItemProxy */;
		};
/* End PBXTargetDependency section */

/* Begin PBXVariantGroup section */
		3EFF5CFD1946F08B00270E24 /* Main.storyboard */ = {
			isa = PBXVariantGroup;
			children = (
				3EFF5CFE1946F08B00270E24 /* Base */,
			);
			name = Main.storyboard;
			sourceTree = "<group>";
		};
/* End PBXVariantGroup section */

/* Begin XCBuildConfiguration section */
		3EFF5D0E1946F08B00270E24 /* Debug */ = {
			isa = XCBuildConfiguration;
			buildSettings = {
				ALWAYS_SEARCH_USER_PATHS = NO;
				CLANG_CXX_LANGUAGE_STANDARD = "gnu++0x";
				CLANG_CXX_LIBRARY = "libc++";
				CLANG_ENABLE_MODULES = YES;
				CLANG_ENABLE_OBJC_ARC = YES;
				CLANG_WARN_BOOL_CONVERSION = YES;
				CLANG_WARN_CONSTANT_CONVERSION = YES;
				CLANG_WARN_DIRECT_OBJC_ISA_USAGE = YES_ERROR;
				CLANG_WARN_EMPTY_BODY = YES;
				CLANG_WARN_ENUM_CONVERSION = YES;
				CLANG_WARN_INT_CONVERSION = YES;
				CLANG_WARN_OBJC_ROOT_CLASS = YES_ERROR;
				CLANG_WARN_UNREACHABLE_CODE = YES;
				CLANG_WARN__DUPLICATE_METHOD_MATCH = YES;
				"CODE_SIGN_IDENTITY[sdk=iphoneos*]" = "iPhone Developer";
				COPY_PHASE_STRIP = NO;
				ENABLE_STRICT_OBJC_MSGSEND = YES;
				GCC_C_LANGUAGE_STANDARD = gnu99;
				GCC_DYNAMIC_NO_PIC = NO;
				GCC_OPTIMIZATION_LEVEL = 0;
				GCC_PREPROCESSOR_DEFINITIONS = (
					"DEBUG=1",
					"$(inherited)",
				);
				GCC_SYMBOLS_PRIVATE_EXTERN = NO;
				GCC_WARN_64_TO_32_BIT_CONVERSION = YES;
				GCC_WARN_ABOUT_RETURN_TYPE = YES_ERROR;
				GCC_WARN_UNDECLARED_SELECTOR = YES;
				GCC_WARN_UNINITIALIZED_AUTOS = YES_AGGRESSIVE;
				GCC_WARN_UNUSED_FUNCTION = YES;
				GCC_WARN_UNUSED_VARIABLE = YES;
				IPHONEOS_DEPLOYMENT_TARGET = 8.0;
				METAL_ENABLE_DEBUG_INFO = YES;
				ONLY_ACTIVE_ARCH = YES;
				SDKROOT = iphoneos;
				SWIFT_OPTIMIZATION_LEVEL = "-Onone";
			};
			name = Debug;
		};
		3EFF5D0F1946F08B00270E24 /* Release */ = {
			isa = XCBuildConfiguration;
			buildSettings = {
				ALWAYS_SEARCH_USER_PATHS = NO;
				CLANG_CXX_LANGUAGE_STANDARD = "gnu++0x";
				CLANG_CXX_LIBRARY = "libc++";
				CLANG_ENABLE_MODULES = YES;
				CLANG_ENABLE_OBJC_ARC = YES;
				CLANG_WARN_BOOL_CONVERSION = YES;
				CLANG_WARN_CONSTANT_CONVERSION = YES;
				CLANG_WARN_DIRECT_OBJC_ISA_USAGE = YES_ERROR;
				CLANG_WARN_EMPTY_BODY = YES;
				CLANG_WARN_ENUM_CONVERSION = YES;
				CLANG_WARN_INT_CONVERSION = YES;
				CLANG_WARN_OBJC_ROOT_CLASS = YES_ERROR;
				CLANG_WARN_UNREACHABLE_CODE = YES;
				CLANG_WARN__DUPLICATE_METHOD_MATCH = YES;
				"CODE_SIGN_IDENTITY[sdk=iphoneos*]" = "iPhone Developer";
				COPY_PHASE_STRIP = YES;
				ENABLE_NS_ASSERTIONS = NO;
				ENABLE_STRICT_OBJC_MSGSEND = YES;
				GCC_C_LANGUAGE_STANDARD = gnu99;
				GCC_WARN_64_TO_32_BIT_CONVERSION = YES;
				GCC_WARN_ABOUT_RETURN_TYPE = YES_ERROR;
				GCC_WARN_UNDECLARED_SELECTOR = YES;
				GCC_WARN_UNINITIALIZED_AUTOS = YES_AGGRESSIVE;
				GCC_WARN_UNUSED_FUNCTION = YES;
				GCC_WARN_UNUSED_VARIABLE = YES;
				IPHONEOS_DEPLOYMENT_TARGET = 8.0;
				METAL_ENABLE_DEBUG_INFO = NO;
				SDKROOT = iphoneos;
				VALIDATE_PRODUCT = YES;
			};
			name = Release;
		};
		3EFF5D111946F08B00270E24 /* Debug */ = {
			isa = XCBuildConfiguration;
			buildSettings = {
				ASSETCATALOG_COMPILER_APPICON_NAME = AppIcon;
				ASSETCATALOG_COMPILER_LAUNCHIMAGE_NAME = LaunchImage;
				INFOPLIST_FILE = frenvent/Info.plist;
				LD_RUNPATH_SEARCH_PATHS = "$(inherited) @executable_path/Frameworks";
				PRODUCT_NAME = "$(TARGET_NAME)";
			};
			name = Debug;
		};
		3EFF5D121946F08B00270E24 /* Release */ = {
			isa = XCBuildConfiguration;
			buildSettings = {
				ASSETCATALOG_COMPILER_APPICON_NAME = AppIcon;
				ASSETCATALOG_COMPILER_LAUNCHIMAGE_NAME = LaunchImage;
				INFOPLIST_FILE = frenvent/Info.plist;
				LD_RUNPATH_SEARCH_PATHS = "$(inherited) @executable_path/Frameworks";
				PRODUCT_NAME = "$(TARGET_NAME)";
			};
			name = Release;
		};
		3EFF5D141946F08B00270E24 /* Debug */ = {
			isa = XCBuildConfiguration;
			buildSettings = {
				BUNDLE_LOADER = "$(BUILT_PRODUCTS_DIR)/frenvent.app/frenvent";
				FRAMEWORK_SEARCH_PATHS = (
					"$(SDKROOT)/Developer/Library/Frameworks",
					"$(inherited)",
				);
				GCC_PREPROCESSOR_DEFINITIONS = (
					"DEBUG=1",
					"$(inherited)",
				);
				INFOPLIST_FILE = frenventTests/Info.plist;
				LD_RUNPATH_SEARCH_PATHS = "$(inherited) @executable_path/Frameworks @loader_path/Frameworks";
				METAL_ENABLE_DEBUG_INFO = YES;
				PRODUCT_NAME = "$(TARGET_NAME)";
				TEST_HOST = "$(BUNDLE_LOADER)";
			};
			name = Debug;
		};
		3EFF5D151946F08B00270E24 /* Release */ = {
			isa = XCBuildConfiguration;
			buildSettings = {
				BUNDLE_LOADER = "$(BUILT_PRODUCTS_DIR)/frenvent.app/frenvent";
				FRAMEWORK_SEARCH_PATHS = (
					"$(SDKROOT)/Developer/Library/Frameworks",
					"$(inherited)",
				);
				INFOPLIST_FILE = frenventTests/Info.plist;
				LD_RUNPATH_SEARCH_PATHS = "$(inherited) @executable_path/Frameworks @loader_path/Frameworks";
				METAL_ENABLE_DEBUG_INFO = NO;
				PRODUCT_NAME = "$(TARGET_NAME)";
				TEST_HOST = "$(BUNDLE_LOADER)";
			};
			name = Release;
		};
/* End XCBuildConfiguration section */

/* Begin XCConfigurationList section */
		3EFF5CED1946F08B00270E24 /* Build configuration list for PBXProject "frenvent" */ = {
			isa = XCConfigurationList;
			buildConfigurations = (
				3EFF5D0E1946F08B00270E24 /* Debug */,
				3EFF5D0F1946F08B00270E24 /* Release */,
			);
			defaultConfigurationIsVisible = 0;
			defaultConfigurationName = Release;
		};
		3EFF5D101946F08B00270E24 /* Build configuration list for PBXNativeTarget "frenvent" */ = {
			isa = XCConfigurationList;
			buildConfigurations = (
				3EFF5D111946F08B00270E24 /* Debug */,
				3EFF5D121946F08B00270E24 /* Release */,
			);
			defaultConfigurationIsVisible = 0;
			defaultConfigurationName = Release;
		};
		3EFF5D131946F08B00270E24 /* Build configuration list for PBXNativeTarget "frenventTests" */ = {
			isa = XCConfigurationList;
			buildConfigurations = (
				3EFF5D141946F08B00270E24 /* Debug */,
				3EFF5D151946F08B00270E24 /* Release */,
			);
			defaultConfigurationIsVisible = 0;
			defaultConfigurationName = Release;
		};
/* End XCConfigurationList section */
	};
	rootObject = 3EFF5CEA1946F08B00270E24 /* Project object */;
}
